
Microsoft Visual Studio Solution File, Format Version 12.00
Project("{FAE04EC0-301F-11D3-BF4B-00C04F79EFBC}") = "Domain", "Domain\Domain.csproj", "{BD6C52F4-3759-4718-8A5C-EFE39075DA13}"
EndProject
Project("{FAE04EC0-301F-11D3-BF4B-00C04F79EFBC}") = "Infrastructure", "Infrastructure\Infrastructure.csproj", "{8DD2A5CC-0F4D-47CF-BDAB-1988CBCDE3DF}"
EndProject
Project("{FAE04EC0-301F-11D3-BF4B-00C04F79EFBC}") = "Application", "Application\Application.csproj", "{CB02218F-5970-499E-B44B-D437ECDCE5BF}"
EndProject
Project("{FAE04EC0-301F-11D3-BF4B-00C04F79EFBC}") = "Api", "Api\Api.csproj", "{4237EF3C-1C0F-4B6F-8B2D-3F3FC1AEFF38}"
EndProject
Global
	GlobalSection(SolutionConfigurationPlatforms) = preSolution
		Debug|Any CPU = Debug|Any CPU
		Release|Any CPU = Release|Any CPU
	EndGlobalSection
	GlobalSection(ProjectConfigurationPlatforms) = postSolution
		{BD6C52F4-3759-4718-8A5C-EFE39075DA13}.Debug|Any CPU.ActiveCfg = Debug|Any CPU
		{BD6C52F4-3759-4718-8A5C-EFE39075DA13}.Debug|Any CPU.Build.0 = Debug|Any CPU
		{BD6C52F4-3759-4718-8A5C-EFE39075DA13}.Release|Any CPU.ActiveCfg = Release|Any CPU
		{BD6C52F4-3759-4718-8A5C-EFE39075DA13}.Release|Any CPU.Build.0 = Release|Any CPU
		{8DD2A5CC-0F4D-47CF-BDAB-1988CBCDE3DF}.Debug|Any CPU.ActiveCfg = Debug|Any CPU
		{8DD2A5CC-0F4D-47CF-BDAB-1988CBCDE3DF}.Debug|Any CPU.Build.0 = Debug|Any CPU
		{8DD2A5CC-0F4D-47CF-BDAB-1988CBCDE3DF}.Release|Any CPU.ActiveCfg = Release|Any CPU
		{8DD2A5CC-0F4D-47CF-BDAB-1988CBCDE3DF}.Release|Any CPU.Build.0 = Release|Any CPU
		{CB02218F-5970-499E-B44B-D437ECDCE5BF}.Debug|Any CPU.ActiveCfg = Debug|Any CPU
		{CB02218F-5970-499E-B44B-D437ECDCE5BF}.Debug|Any CPU.Build.0 = Debug|Any CPU
		{CB02218F-5970-499E-B44B-D437ECDCE5BF}.Release|Any CPU.ActiveCfg = Release|Any CPU
		{CB02218F-5970-499E-B44B-D437ECDCE5BF}.Release|Any CPU.Build.0 = Release|Any CPU
		{4237EF3C-1C0F-4B6F-8B2D-3F3FC1AEFF38}.Debug|Any CPU.ActiveCfg = Debug|Any CPU
		{4237EF3C-1C0F-4B6F-8B2D-3F3FC1AEFF38}.Debug|Any CPU.Build.0 = Debug|Any CPU
		{4237EF3C-1C0F-4B6F-8B2D-3F3FC1AEFF38}.Release|Any CPU.ActiveCfg = Release|Any CPU
		{4237EF3C-1C0F-4B6F-8B2D-3F3FC1AEFF38}.Release|Any CPU.Build.0 = Release|Any CPU
	EndGlobalSection
EndGlobal
